
Microsoft Visual Studio Solution File, Format Version 12.00
# Visual Studio 15
VisualStudioVersion = 15.0.28307.271
MinimumVisualStudioVersion = 10.0.40219.1
Project("{888888A0-9F3D-457C-B088-3A5042F75D52}") = "Lab3", "Lab3\Lab3.pyproj", "{9DF220D7-D679-4C68-9C66-46D02B3EC1C2}"
EndProject
Global
	GlobalSection(SolutionConfigurationPlatforms) = preSolution
		Debug|Any CPU = Debug|Any CPU
		Release|Any CPU = Release|Any CPU
	EndGlobalSection
	GlobalSection(ProjectConfigurationPlatforms) = postSolution
		{9DF220D7-D679-4C68-9C66-46D02B3EC1C2}.Debug|Any CPU.ActiveCfg = Debug|Any CPU
		{9DF220D7-D679-4C68-9C66-46D02B3EC1C2}.Release|Any CPU.ActiveCfg = Release|Any CPU
	EndGlobalSection
	GlobalSection(SolutionProperties) = preSolution
		HideSolutionNode = FALSE
	EndGlobalSection
	GlobalSection(ExtensibilityGlobals) = postSolution
		SolutionGuid = {41AC8F82-DE4F-4877-A1E5-1104D75649C9}
	EndGlobalSection
EndGlobal
