
Microsoft Visual Studio Solution File, Format Version 12.00
# Visual Studio 15
VisualStudioVersion = 15.0.28307.271
MinimumVisualStudioVersion = 10.0.40219.1
Project("{888888A0-9F3D-457C-B088-3A5042F75D52}") = "Lab2", "Lab2\Lab2.pyproj", "{330E4BC0-44B5-4C57-88A5-3DEF769F233D}"
EndProject
Global
	GlobalSection(SolutionConfigurationPlatforms) = preSolution
		Debug|Any CPU = Debug|Any CPU
		Release|Any CPU = Release|Any CPU
	EndGlobalSection
	GlobalSection(ProjectConfigurationPlatforms) = postSolution
		{330E4BC0-44B5-4C57-88A5-3DEF769F233D}.Debug|Any CPU.ActiveCfg = Debug|Any CPU
		{330E4BC0-44B5-4C57-88A5-3DEF769F233D}.Release|Any CPU.ActiveCfg = Release|Any CPU
	EndGlobalSection
	GlobalSection(SolutionProperties) = preSolution
		HideSolutionNode = FALSE
	EndGlobalSection
	GlobalSection(ExtensibilityGlobals) = postSolution
		SolutionGuid = {A210EA22-E70A-4AB9-8259-1FD964A2EE52}
	EndGlobalSection
EndGlobal
